
Microsoft Visual Studio Solution File, Format Version 12.00
# Visual Studio 15
VisualStudioVersion = 15.0.27428.2043
MinimumVisualStudioVersion = 10.0.40219.1
Project("{8BC9CEB8-8B4A-11D0-8D11-00A0C91BC942}") = "OpenGLEngine", "OpenGLEngine\OpenGLEngine.vcxproj", "{AD40ACCF-5E84-400E-897E-CC26F688398A}"
EndProject
Global
	GlobalSection(SolutionConfigurationPlatforms) = preSolution
		Debug|x64 = Debug|x64
		Debug|x86 = Debug|x86
		Release|x64 = Release|x64
		Release|x86 = Release|x86
	EndGlobalSection
	GlobalSection(ProjectConfigurationPlatforms) = postSolution
		{AD40ACCF-5E84-400E-897E-CC26F688398A}.Debug|x64.ActiveCfg = Debug|x64
		{AD40ACCF-5E84-400E-897E-CC26F688398A}.Debug|x64.Build.0 = Debug|x64
		{AD40ACCF-5E84-400E-897E-CC26F688398A}.Debug|x86.ActiveCfg = Debug|Win32
		{AD40ACCF-5E84-400E-897E-CC26F688398A}.Debug|x86.Build.0 = Debug|Win32
		{AD40ACCF-5E84-400E-897E-CC26F688398A}.Release|x64.ActiveCfg = Release|x64
		{AD40ACCF-5E84-400E-897E-CC26F688398A}.Release|x64.Build.0 = Release|x64
		{AD40ACCF-5E84-400E-897E-CC26F688398A}.Release|x86.ActiveCfg = Release|Win32
		{AD40ACCF-5E84-400E-897E-CC26F688398A}.Release|x86.Build.0 = Release|Win32
	EndGlobalSection
	GlobalSection(SolutionProperties) = preSolution
		HideSolutionNode = FALSE
	EndGlobalSection
	GlobalSection(ExtensibilityGlobals) = postSolution
		SolutionGuid = {82E68AB2-83A7-44B0-AAB4-E8B3A6E1BC3F}
	EndGlobalSection
EndGlobal
